// !$*UTF8*$!
{
	archiveVersion = 1;
	classes = {
	};
	objectVersion = 56;
	objects = {

/* Begin PBXBuildFile section */
		72322F792A85E9BA0004717D /* dev01App.swift in Sources */ = {isa = PBXBuildFile; fileRef = 72322F782A85E9BA0004717D /* dev01App.swift */; };
		72322F7D2A85E9BC0004717D /* Assets.xcassets in Resources */ = {isa = PBXBuildFile; fileRef = 72322F7C2A85E9BC0004717D /* Assets.xcassets */; };
		72322F802A85E9BC0004717D /* Preview Assets.xcassets in Resources */ = {isa = PBXBuildFile; fileRef = 72322F7F2A85E9BC0004717D /* Preview Assets.xcassets */; };
		72462D1A2A8DBCE3001F5B94 /* SportView.swift in Sources */ = {isa = PBXBuildFile; fileRef = 72462D192A8DBCE3001F5B94 /* SportView.swift */; };
		72462D1C2A8DD380001F5B94 /* SportsList.swift in Sources */ = {isa = PBXBuildFile; fileRef = 72462D1B2A8DD380001F5B94 /* SportsList.swift */; };
		72462D1E2A8DD64C001F5B94 /* BlankView.swift in Sources */ = {isa = PBXBuildFile; fileRef = 72462D1D2A8DD64C001F5B94 /* BlankView.swift */; };
		72462D202A8DD839001F5B94 /* InformationView.swift in Sources */ = {isa = PBXBuildFile; fileRef = 72462D1F2A8DD839001F5B94 /* InformationView.swift */; };
		72792C252ABAA9B800F1EF07 /* MapView.swift in Sources */ = {isa = PBXBuildFile; fileRef = 72792C242ABAA9B800F1EF07 /* MapView.swift */; };
		727F20782A8CCCA4004BB780 /* LocationView.swift in Sources */ = {isa = PBXBuildFile; fileRef = 727F20772A8CCCA4004BB780 /* LocationView.swift */; };
		72988B3C2A91EFB20019D735 /* LocationsList.swift in Sources */ = {isa = PBXBuildFile; fileRef = 72988B3B2A91EFB20019D735 /* LocationsList.swift */; };
		72A956532AADBE4D00EBB2C4 /* CountingView.swift in Sources */ = {isa = PBXBuildFile; fileRef = 72A956522AADBE4D00EBB2C4 /* CountingView.swift */; };
		72ACCE442AAD67A200CDD49C /* LocationManager.swift in Sources */ = {isa = PBXBuildFile; fileRef = 72ACCE432AAD67A200CDD49C /* LocationManager.swift */; };
		72ACCE462AAD6EAA00CDD49C /* LocationSportsView.swift in Sources */ = {isa = PBXBuildFile; fileRef = 72ACCE452AAD6EAA00CDD49C /* LocationSportsView.swift */; };
		72AFB54A2AB0262500FF5985 /* Launch Screen.storyboard in Resources */ = {isa = PBXBuildFile; fileRef = 72AFB5492AB0262500FF5985 /* Launch Screen.storyboard */; };
		72C16BA92A8B457A00EDA240 /* MainView.swift in Sources */ = {isa = PBXBuildFile; fileRef = 72C16BA82A8B457A00EDA240 /* MainView.swift */; };
		72FBCED72A8C866900C012CA /* CounterView.swift in Sources */ = {isa = PBXBuildFile; fileRef = 72FBCED62A8C866900C012CA /* CounterView.swift */; };
		72FBCED92A8C867C00C012CA /* GlossaryView.swift in Sources */ = {isa = PBXBuildFile; fileRef = 72FBCED82A8C867C00C012CA /* GlossaryView.swift */; };
/* End PBXBuildFile section */

/* Begin PBXFileReference section */
		72322F752A85E9BA0004717D /* dev01.app */ = {isa = PBXFileReference; explicitFileType = wrapper.application; includeInIndex = 0; path = dev01.app; sourceTree = BUILT_PRODUCTS_DIR; };
		72322F782A85E9BA0004717D /* dev01App.swift */ = {isa = PBXFileReference; lastKnownFileType = sourcecode.swift; path = dev01App.swift; sourceTree = "<group>"; };
		72322F7C2A85E9BC0004717D /* Assets.xcassets */ = {isa = PBXFileReference; lastKnownFileType = folder.assetcatalog; path = Assets.xcassets; sourceTree = "<group>"; };
		72322F7F2A85E9BC0004717D /* Preview Assets.xcassets */ = {isa = PBXFileReference; lastKnownFileType = folder.assetcatalog; path = "Preview Assets.xcassets"; sourceTree = "<group>"; };
		72462D192A8DBCE3001F5B94 /* SportView.swift */ = {isa = PBXFileReference; lastKnownFileType = sourcecode.swift; path = SportView.swift; sourceTree = "<group>"; };
		72462D1B2A8DD380001F5B94 /* SportsList.swift */ = {isa = PBXFileReference; lastKnownFileType = sourcecode.swift; path = SportsList.swift; sourceTree = "<group>"; };
		72462D1D2A8DD64C001F5B94 /* BlankView.swift */ = {isa = PBXFileReference; lastKnownFileType = sourcecode.swift; path = BlankView.swift; sourceTree = "<group>"; };
		72462D1F2A8DD839001F5B94 /* InformationView.swift */ = {isa = PBXFileReference; lastKnownFileType = sourcecode.swift; path = InformationView.swift; sourceTree = "<group>"; };
		72792C242ABAA9B800F1EF07 /* MapView.swift */ = {isa = PBXFileReference; lastKnownFileType = sourcecode.swift; name = MapView.swift; path = ../../MapView.swift; sourceTree = "<group>"; };
		727F20772A8CCCA4004BB780 /* LocationView.swift */ = {isa = PBXFileReference; lastKnownFileType = sourcecode.swift; path = LocationView.swift; sourceTree = "<group>"; };
		72988B3B2A91EFB20019D735 /* LocationsList.swift */ = {isa = PBXFileReference; lastKnownFileType = sourcecode.swift; path = LocationsList.swift; sourceTree = "<group>"; };
		72A956522AADBE4D00EBB2C4 /* CountingView.swift */ = {isa = PBXFileReference; lastKnownFileType = sourcecode.swift; path = CountingView.swift; sourceTree = "<group>"; };
		72ACCE432AAD67A200CDD49C /* LocationManager.swift */ = {isa = PBXFileReference; lastKnownFileType = sourcecode.swift; path = LocationManager.swift; sourceTree = "<group>"; };
		72ACCE452AAD6EAA00CDD49C /* LocationSportsView.swift */ = {isa = PBXFileReference; lastKnownFileType = sourcecode.swift; path = LocationSportsView.swift; sourceTree = "<group>"; };
		72AFB5492AB0262500FF5985 /* Launch Screen.storyboard */ = {isa = PBXFileReference; lastKnownFileType = file.storyboard; path = "Launch Screen.storyboard"; sourceTree = "<group>"; };
		72C16BA82A8B457A00EDA240 /* MainView.swift */ = {isa = PBXFileReference; lastKnownFileType = sourcecode.swift; path = MainView.swift; sourceTree = "<group>"; };
		72FBCED62A8C866900C012CA /* CounterView.swift */ = {isa = PBXFileReference; lastKnownFileType = sourcecode.swift; path = CounterView.swift; sourceTree = "<group>"; };
		72FBCED82A8C867C00C012CA /* GlossaryView.swift */ = {isa = PBXFileReference; lastKnownFileType = sourcecode.swift; path = GlossaryView.swift; sourceTree = "<group>"; };
/* End PBXFileReference section */

/* Begin PBXFrameworksBuildPhase section */
		72322F722A85E9BA0004717D /* Frameworks */ = {
			isa = PBXFrameworksBuildPhase;
			buildActionMask = 2147483647;
			files = (
			);
			runOnlyForDeploymentPostprocessing = 0;
		};
/* End PBXFrameworksBuildPhase section */

/* Begin PBXGroup section */
		72322F6C2A85E9BA0004717D = {
			isa = PBXGroup;
			children = (
				72322F772A85E9BA0004717D /* dev01 */,
				72322F762A85E9BA0004717D /* Products */,
			);
			sourceTree = "<group>";
		};
		72322F762A85E9BA0004717D /* Products */ = {
			isa = PBXGroup;
			children = (
				72322F752A85E9BA0004717D /* dev01.app */,
			);
			name = Products;
			sourceTree = "<group>";
		};
		72322F772A85E9BA0004717D /* dev01 */ = {
			isa = PBXGroup;
			children = (
				72A0532B2AB4155000CBE313 /* locationView */,
				72A0532A2AB4150300CBE313 /* data */,
				72A053292AB414F100CBE313 /* counting */,
				72A053282AB414D800CBE313 /* mainViews */,
				72322F782A85E9BA0004717D /* dev01App.swift */,
				72C16BA82A8B457A00EDA240 /* MainView.swift */,
				72AFB5492AB0262500FF5985 /* Launch Screen.storyboard */,
				72322F7C2A85E9BC0004717D /* Assets.xcassets */,
				72322F7E2A85E9BC0004717D /* Preview Content */,
			);
			path = dev01;
			sourceTree = "<group>";
		};
		72322F7E2A85E9BC0004717D /* Preview Content */ = {
			isa = PBXGroup;
			children = (
				72322F7F2A85E9BC0004717D /* Preview Assets.xcassets */,
			);
			path = "Preview Content";
			sourceTree = "<group>";
		};
		72A053282AB414D800CBE313 /* mainViews */ = {
			isa = PBXGroup;
			children = (
				72FBCED62A8C866900C012CA /* CounterView.swift */,
				72792C242ABAA9B800F1EF07 /* MapView.swift */,
				72FBCED82A8C867C00C012CA /* GlossaryView.swift */,
			);
			path = mainViews;
			sourceTree = "<group>";
		};
		72A053292AB414F100CBE313 /* counting */ = {
			isa = PBXGroup;
			children = (
				72A956522AADBE4D00EBB2C4 /* CountingView.swift */,
			);
			path = counting;
			sourceTree = "<group>";
		};
		72A0532A2AB4150300CBE313 /* data */ = {
			isa = PBXGroup;
			children = (
				72ACCE432AAD67A200CDD49C /* LocationManager.swift */,
				72988B3B2A91EFB20019D735 /* LocationsList.swift */,
				72462D1B2A8DD380001F5B94 /* SportsList.swift */,
			);
			path = data;
			sourceTree = "<group>";
		};
		72A0532B2AB4155000CBE313 /* locationView */ = {
			isa = PBXGroup;
			children = (
				727F20772A8CCCA4004BB780 /* LocationView.swift */,
				72ACCE452AAD6EAA00CDD49C /* LocationSportsView.swift */,
				72462D192A8DBCE3001F5B94 /* SportView.swift */,
				72462D1F2A8DD839001F5B94 /* InformationView.swift */,
				72462D1D2A8DD64C001F5B94 /* BlankView.swift */,
			);
			path = locationView;
			sourceTree = "<group>";
		};
/* End PBXGroup section */

/* Begin PBXNativeTarget section */
		72322F742A85E9BA0004717D /* dev01 */ = {
			isa = PBXNativeTarget;
			buildConfigurationList = 72322F832A85E9BC0004717D /* Build configuration list for PBXNativeTarget "dev01" */;
			buildPhases = (
				72322F712A85E9BA0004717D /* Sources */,
				72322F722A85E9BA0004717D /* Frameworks */,
				72322F732A85E9BA0004717D /* Resources */,
			);
			buildRules = (
			);
			dependencies = (
			);
			name = dev01;
			packageProductDependencies = (
			);
			productName = dev01;
			productReference = 72322F752A85E9BA0004717D /* dev01.app */;
			productType = "com.apple.product-type.application";
		};
/* End PBXNativeTarget section */

/* Begin PBXProject section */
		72322F6D2A85E9BA0004717D /* Project object */ = {
			isa = PBXProject;
			attributes = {
				BuildIndependentTargetsInParallel = 1;
				LastSwiftUpdateCheck = 1500;
				LastUpgradeCheck = 1500;
				TargetAttributes = {
					72322F742A85E9BA0004717D = {
						CreatedOnToolsVersion = 15.0;
					};
				};
			};
			buildConfigurationList = 72322F702A85E9BA0004717D /* Build configuration list for PBXProject "dev01" */;
			compatibilityVersion = "Xcode 14.0";
			developmentRegion = en;
			hasScannedForEncodings = 0;
			knownRegions = (
				en,
				Base,
			);
			mainGroup = 72322F6C2A85E9BA0004717D;
			packageReferences = (
			);
			productRefGroup = 72322F762A85E9BA0004717D /* Products */;
			projectDirPath = "";
			projectRoot = "";
			targets = (
				72322F742A85E9BA0004717D /* dev01 */,
			);
		};
/* End PBXProject section */

/* Begin PBXResourcesBuildPhase section */
		72322F732A85E9BA0004717D /* Resources */ = {
			isa = PBXResourcesBuildPhase;
			buildActionMask = 2147483647;
			files = (
				72AFB54A2AB0262500FF5985 /* Launch Screen.storyboard in Resources */,
				72322F802A85E9BC0004717D /* Preview Assets.xcassets in Resources */,
				72322F7D2A85E9BC0004717D /* Assets.xcassets in Resources */,
			);
			runOnlyForDeploymentPostprocessing = 0;
		};
/* End PBXResourcesBuildPhase section */

/* Begin PBXSourcesBuildPhase section */
		72322F712A85E9BA0004717D /* Sources */ = {
			isa = PBXSourcesBuildPhase;
			buildActionMask = 2147483647;
			files = (
				72C16BA92A8B457A00EDA240 /* MainView.swift in Sources */,
				727F20782A8CCCA4004BB780 /* LocationView.swift in Sources */,
				72462D1C2A8DD380001F5B94 /* SportsList.swift in Sources */,
				72462D1E2A8DD64C001F5B94 /* BlankView.swift in Sources */,
				72462D202A8DD839001F5B94 /* InformationView.swift in Sources */,
				72ACCE462AAD6EAA00CDD49C /* LocationSportsView.swift in Sources */,
				72988B3C2A91EFB20019D735 /* LocationsList.swift in Sources */,
				72792C252ABAA9B800F1EF07 /* MapView.swift in Sources */,
				72FBCED92A8C867C00C012CA /* GlossaryView.swift in Sources */,
				72A956532AADBE4D00EBB2C4 /* CountingView.swift in Sources */,
				72ACCE442AAD67A200CDD49C /* LocationManager.swift in Sources */,
				72462D1A2A8DBCE3001F5B94 /* SportView.swift in Sources */,
				72322F792A85E9BA0004717D /* dev01App.swift in Sources */,
				72FBCED72A8C866900C012CA /* CounterView.swift in Sources */,
			);
			runOnlyForDeploymentPostprocessing = 0;
		};
/* End PBXSourcesBuildPhase section */

/* Begin XCBuildConfiguration section */
		72322F812A85E9BC0004717D /* Debug */ = {
			isa = XCBuildConfiguration;
			buildSettings = {
				ALWAYS_SEARCH_USER_PATHS = NO;
				ASSETCATALOG_COMPILER_GENERATE_SWIFT_ASSET_SYMBOL_EXTENSIONS = YES;
				CLANG_ANALYZER_NONNULL = YES;
				CLANG_ANALYZER_NUMBER_OBJECT_CONVERSION = YES_AGGRESSIVE;
				CLANG_CXX_LANGUAGE_STANDARD = "gnu++20";
				CLANG_ENABLE_MODULES = YES;
				CLANG_ENABLE_OBJC_ARC = YES;
				CLANG_ENABLE_OBJC_WEAK = YES;
				CLANG_WARN_BLOCK_CAPTURE_AUTORELEASING = YES;
				CLANG_WARN_BOOL_CONVERSION = YES;
				CLANG_WARN_COMMA = YES;
				CLANG_WARN_CONSTANT_CONVERSION = YES;
				CLANG_WARN_DEPRECATED_OBJC_IMPLEMENTATIONS = YES;
				CLANG_WARN_DIRECT_OBJC_ISA_USAGE = YES_ERROR;
				CLANG_WARN_DOCUMENTATION_COMMENTS = YES;
				CLANG_WARN_EMPTY_BODY = YES;
				CLANG_WARN_ENUM_CONVERSION = YES;
				CLANG_WARN_INFINITE_RECURSION = YES;
				CLANG_WARN_INT_CONVERSION = YES;
				CLANG_WARN_NON_LITERAL_NULL_CONVERSION = YES;
				CLANG_WARN_OBJC_IMPLICIT_RETAIN_SELF = YES;
				CLANG_WARN_OBJC_LITERAL_CONVERSION = YES;
				CLANG_WARN_OBJC_ROOT_CLASS = YES_ERROR;
				CLANG_WARN_QUOTED_INCLUDE_IN_FRAMEWORK_HEADER = YES;
				CLANG_WARN_RANGE_LOOP_ANALYSIS = YES;
				CLANG_WARN_STRICT_PROTOTYPES = YES;
				CLANG_WARN_SUSPICIOUS_MOVE = YES;
				CLANG_WARN_UNGUARDED_AVAILABILITY = YES_AGGRESSIVE;
				CLANG_WARN_UNREACHABLE_CODE = YES;
				CLANG_WARN__DUPLICATE_METHOD_MATCH = YES;
				COPY_PHASE_STRIP = NO;
				DEBUG_INFORMATION_FORMAT = dwarf;
				ENABLE_STRICT_OBJC_MSGSEND = YES;
				ENABLE_TESTABILITY = YES;
				ENABLE_USER_SCRIPT_SANDBOXING = YES;
				GCC_C_LANGUAGE_STANDARD = gnu17;
				GCC_DYNAMIC_NO_PIC = NO;
				GCC_NO_COMMON_BLOCKS = YES;
				GCC_OPTIMIZATION_LEVEL = 0;
				GCC_PREPROCESSOR_DEFINITIONS = (
					"DEBUG=1",
					"$(inherited)",
				);
				GCC_WARN_64_TO_32_BIT_CONVERSION = YES;
				GCC_WARN_ABOUT_RETURN_TYPE = YES_ERROR;
				GCC_WARN_UNDECLARED_SELECTOR = YES;
				GCC_WARN_UNINITIALIZED_AUTOS = YES_AGGRESSIVE;
				GCC_WARN_UNUSED_FUNCTION = YES;
				GCC_WARN_UNUSED_VARIABLE = YES;
				IPHONEOS_DEPLOYMENT_TARGET = 16.6;
				LOCALIZATION_PREFERS_STRING_CATALOGS = YES;
				MTL_ENABLE_DEBUG_INFO = INCLUDE_SOURCE;
				MTL_FAST_MATH = YES;
				ONLY_ACTIVE_ARCH = YES;
				SDKROOT = iphoneos;
				SWIFT_ACTIVE_COMPILATION_CONDITIONS = "DEBUG $(inherited)";
				SWIFT_OPTIMIZATION_LEVEL = "-Onone";
			};
			name = Debug;
		};
		72322F822A85E9BC0004717D /* Release */ = {
			isa = XCBuildConfiguration;
			buildSettings = {
				ALWAYS_SEARCH_USER_PATHS = NO;
				ASSETCATALOG_COMPILER_GENERATE_SWIFT_ASSET_SYMBOL_EXTENSIONS = YES;
				CLANG_ANALYZER_NONNULL = YES;
				CLANG_ANALYZER_NUMBER_OBJECT_CONVERSION = YES_AGGRESSIVE;
				CLANG_CXX_LANGUAGE_STANDARD = "gnu++20";
				CLANG_ENABLE_MODULES = YES;
				CLANG_ENABLE_OBJC_ARC = YES;
				CLANG_ENABLE_OBJC_WEAK = YES;
				CLANG_WARN_BLOCK_CAPTURE_AUTORELEASING = YES;
				CLANG_WARN_BOOL_CONVERSION = YES;
				CLANG_WARN_COMMA = YES;
				CLANG_WARN_CONSTANT_CONVERSION = YES;
				CLANG_WARN_DEPRECATED_OBJC_IMPLEMENTATIONS = YES;
				CLANG_WARN_DIRECT_OBJC_ISA_USAGE = YES_ERROR;
				CLANG_WARN_DOCUMENTATION_COMMENTS = YES;
				CLANG_WARN_EMPTY_BODY = YES;
				CLANG_WARN_ENUM_CONVERSION = YES;
				CLANG_WARN_INFINITE_RECURSION = YES;
				CLANG_WARN_INT_CONVERSION = YES;
				CLANG_WARN_NON_LITERAL_NULL_CONVERSION = YES;
				CLANG_WARN_OBJC_IMPLICIT_RETAIN_SELF = YES;
				CLANG_WARN_OBJC_LITERAL_CONVERSION = YES;
				CLANG_WARN_OBJC_ROOT_CLASS = YES_ERROR;
				CLANG_WARN_QUOTED_INCLUDE_IN_FRAMEWORK_HEADER = YES;
				CLANG_WARN_RANGE_LOOP_ANALYSIS = YES;
				CLANG_WARN_STRICT_PROTOTYPES = YES;
				CLANG_WARN_SUSPICIOUS_MOVE = YES;
				CLANG_WARN_UNGUARDED_AVAILABILITY = YES_AGGRESSIVE;
				CLANG_WARN_UNREACHABLE_CODE = YES;
				CLANG_WARN__DUPLICATE_METHOD_MATCH = YES;
				COPY_PHASE_STRIP = NO;
				DEBUG_INFORMATION_FORMAT = "dwarf-with-dsym";
				ENABLE_NS_ASSERTIONS = NO;
				ENABLE_STRICT_OBJC_MSGSEND = YES;
				ENABLE_USER_SCRIPT_SANDBOXING = YES;
				GCC_C_LANGUAGE_STANDARD = gnu17;
				GCC_NO_COMMON_BLOCKS = YES;
				GCC_WARN_64_TO_32_BIT_CONVERSION = YES;
				GCC_WARN_ABOUT_RETURN_TYPE = YES_ERROR;
				GCC_WARN_UNDECLARED_SELECTOR = YES;
				GCC_WARN_UNINITIALIZED_AUTOS = YES_AGGRESSIVE;
				GCC_WARN_UNUSED_FUNCTION = YES;
				GCC_WARN_UNUSED_VARIABLE = YES;
				IPHONEOS_DEPLOYMENT_TARGET = 16.6;
				LOCALIZATION_PREFERS_STRING_CATALOGS = YES;
				MTL_ENABLE_DEBUG_INFO = NO;
				MTL_FAST_MATH = YES;
				SDKROOT = iphoneos;
				SWIFT_COMPILATION_MODE = wholemodule;
				VALIDATE_PRODUCT = YES;
			};
			name = Release;
		};
		72322F842A85E9BC0004717D /* Debug */ = {
			isa = XCBuildConfiguration;
			buildSettings = {
				ASSETCATALOG_COMPILER_APPICON_NAME = AppIcon;
				ASSETCATALOG_COMPILER_GLOBAL_ACCENT_COLOR_NAME = AccentColor;
				ASSETCATALOG_COMPILER_INCLUDE_ALL_APPICON_ASSETS = YES;
				CODE_SIGN_STYLE = Automatic;
				CURRENT_PROJECT_VERSION = 1;
				DEVELOPMENT_ASSET_PATHS = "\"dev01/Preview Content\"";
				DEVELOPMENT_TEAM = SMJLFZP7PU;
				ENABLE_PREVIEWS = YES;
				GENERATE_INFOPLIST_FILE = YES;
				INFOPLIST_KEY_CFBundleDisplayName = GoFit;
				INFOPLIST_KEY_LSApplicationCategoryType = "public.app-category.healthcare-fitness";
				INFOPLIST_KEY_NSLocationWhenInUseUsageDescription = "Allow access to location?";
				INFOPLIST_KEY_UIApplicationSceneManifest_Generation = YES;
				INFOPLIST_KEY_UIApplicationSupportsIndirectInputEvents = YES;
				INFOPLIST_KEY_UILaunchScreen_Generation = YES;
				INFOPLIST_KEY_UILaunchStoryboardName = "Launch Screen.storyboard";
				INFOPLIST_KEY_UISupportedInterfaceOrientations = UIInterfaceOrientationPortrait;
				INFOPLIST_KEY_UISupportedInterfaceOrientations_iPad = "UIInterfaceOrientationLandscapeLeft UIInterfaceOrientationLandscapeRight UIInterfaceOrientationPortrait UIInterfaceOrientationPortraitUpsideDown";
				IPHONEOS_DEPLOYMENT_TARGET = 16.6;
				LD_RUNPATH_SEARCH_PATHS = (
					"$(inherited)",
					"@executable_path/Frameworks",
				);
				MARKETING_VERSION = 1.0;
				PRODUCT_BUNDLE_IDENTIFIER = com.innofest208team.dev01;
				PRODUCT_NAME = "$(TARGET_NAME)";
				SWIFT_EMIT_LOC_STRINGS = YES;
				SWIFT_VERSION = 5.0;
				TARGETED_DEVICE_FAMILY = "1,2";
			};
			name = Debug;
		};
		72322F852A85E9BC0004717D /* Release */ = {
			isa = XCBuildConfiguration;
			buildSettings = {
				ASSETCATALOG_COMPILER_APPICON_NAME = AppIcon;
				ASSETCATALOG_COMPILER_GLOBAL_ACCENT_COLOR_NAME = AccentColor;
				ASSETCATALOG_COMPILER_INCLUDE_ALL_APPICON_ASSETS = YES;
				CODE_SIGN_STYLE = Automatic;
				CURRENT_PROJECT_VERSION = 1;
				DEVELOPMENT_ASSET_PATHS = "\"dev01/Preview Content\"";
				DEVELOPMENT_TEAM = SMJLFZP7PU;
				ENABLE_PREVIEWS = YES;
				GENERATE_INFOPLIST_FILE = YES;
				INFOPLIST_KEY_CFBundleDisplayName = GoFit;
				INFOPLIST_KEY_LSApplicationCategoryType = "public.app-category.healthcare-fitness";
				INFOPLIST_KEY_NSLocationWhenInUseUsageDescription = "Allow access to location?";
				INFOPLIST_KEY_UIApplicationSceneManifest_Generation = YES;
				INFOPLIST_KEY_UIApplicationSupportsIndirectInputEvents = YES;
				INFOPLIST_KEY_UILaunchScreen_Generation = YES;
				INFOPLIST_KEY_UILaunchStoryboardName = "Launch Screen.storyboard";
				INFOPLIST_KEY_UISupportedInterfaceOrientations = UIInterfaceOrientationPortrait;
				INFOPLIST_KEY_UISupportedInterfaceOrientations_iPad = "UIInterfaceOrientationLandscapeLeft UIInterfaceOrientationLandscapeRight UIInterfaceOrientationPortrait UIInterfaceOrientationPortraitUpsideDown";
				IPHONEOS_DEPLOYMENT_TARGET = 16.6;
				LD_RUNPATH_SEARCH_PATHS = (
					"$(inherited)",
					"@executable_path/Frameworks",
				);
				MARKETING_VERSION = 1.0;
				PRODUCT_BUNDLE_IDENTIFIER = com.innofest208team.dev01;
				PRODUCT_NAME = "$(TARGET_NAME)";
				SWIFT_EMIT_LOC_STRINGS = YES;
				SWIFT_VERSION = 5.0;
				TARGETED_DEVICE_FAMILY = "1,2";
			};
			name = Release;
		};
/* End XCBuildConfiguration section */

/* Begin XCConfigurationList section */
		72322F702A85E9BA0004717D /* Build configuration list for PBXProject "dev01" */ = {
			isa = XCConfigurationList;
			buildConfigurations = (
				72322F812A85E9BC0004717D /* Debug */,
				72322F822A85E9BC0004717D /* Release */,
			);
			defaultConfigurationIsVisible = 0;
			defaultConfigurationName = Release;
		};
		72322F832A85E9BC0004717D /* Build configuration list for PBXNativeTarget "dev01" */ = {
			isa = XCConfigurationList;
			buildConfigurations = (
				72322F842A85E9BC0004717D /* Debug */,
				72322F852A85E9BC0004717D /* Release */,
			);
			defaultConfigurationIsVisible = 0;
			defaultConfigurationName = Release;
		};
/* End XCConfigurationList section */
	};
	rootObject = 72322F6D2A85E9BA0004717D /* Project object */;
}
